
Microsoft Visual Studio Solution File, Format Version 12.00
# Visual Studio Version 16
VisualStudioVersion = 16.0.31515.178
MinimumVisualStudioVersion = 10.0.40219.1
Project("{9A19103F-16F7-4668-BE54-9A1E7A4F7556}") = "AzureStorageAutoBackup", "AzureStorageAutoBackup.csproj", "{86E85806-8FE4-4D30-B6D3-C8E1044EEB3C}"
EndProject
Project("{FAE04EC0-301F-11D3-BF4B-00C04F79EFBC}") = "AzureStorageAutoBackup.Tests", "..\tests\AzureStorageAutoBackup.Tests\AzureStorageAutoBackup.Tests.csproj", "{02C21F06-6A8D-47A6-AF29-CF5C9D04DB3A}"
EndProject
Global
	GlobalSection(SolutionConfigurationPlatforms) = preSolution
		Debug|Any CPU = Debug|Any CPU
		Release|Any CPU = Release|Any CPU
	EndGlobalSection
	GlobalSection(ProjectConfigurationPlatforms) = postSolution
		{86E85806-8FE4-4D30-B6D3-C8E1044EEB3C}.Debug|Any CPU.ActiveCfg = Debug|Any CPU
		{86E85806-8FE4-4D30-B6D3-C8E1044EEB3C}.Debug|Any CPU.Build.0 = Debug|Any CPU
		{86E85806-8FE4-4D30-B6D3-C8E1044EEB3C}.Release|Any CPU.ActiveCfg = Release|Any CPU
		{86E85806-8FE4-4D30-B6D3-C8E1044EEB3C}.Release|Any CPU.Build.0 = Release|Any CPU
		{02C21F06-6A8D-47A6-AF29-CF5C9D04DB3A}.Debug|Any CPU.ActiveCfg = Debug|Any CPU
		{02C21F06-6A8D-47A6-AF29-CF5C9D04DB3A}.Debug|Any CPU.Build.0 = Debug|Any CPU
		{02C21F06-6A8D-47A6-AF29-CF5C9D04DB3A}.Release|Any CPU.ActiveCfg = Release|Any CPU
		{02C21F06-6A8D-47A6-AF29-CF5C9D04DB3A}.Release|Any CPU.Build.0 = Release|Any CPU
	EndGlobalSection
	GlobalSection(SolutionProperties) = preSolution
		HideSolutionNode = FALSE
	EndGlobalSection
	GlobalSection(ExtensibilityGlobals) = postSolution
		SolutionGuid = {34E96ABE-E521-4FE1-9FF6-A0E05169577B}
	EndGlobalSection
EndGlobal
